
Microsoft Visual Studio Solution File, Format Version 12.00
# Visual Studio 15
VisualStudioVersion = 15.0.27703.2042
MinimumVisualStudioVersion = 10.0.40219.1
Project("{FAE04EC0-301F-11D3-BF4B-00C04F79EFBC}") = "CG 6-2 Upper Case", "CG 6-2 Upper Case\CG 6-2 Upper Case.csproj", "{9AF30A7F-4641-4F0E-9AC1-7F3F2308F7FB}"
EndProject
Global
	GlobalSection(SolutionConfigurationPlatforms) = preSolution
		Debug|Any CPU = Debug|Any CPU
		Release|Any CPU = Release|Any CPU
	EndGlobalSection
	GlobalSection(ProjectConfigurationPlatforms) = postSolution
		{9AF30A7F-4641-4F0E-9AC1-7F3F2308F7FB}.Debug|Any CPU.ActiveCfg = Debug|Any CPU
		{9AF30A7F-4641-4F0E-9AC1-7F3F2308F7FB}.Debug|Any CPU.Build.0 = Debug|Any CPU
		{9AF30A7F-4641-4F0E-9AC1-7F3F2308F7FB}.Release|Any CPU.ActiveCfg = Release|Any CPU
		{9AF30A7F-4641-4F0E-9AC1-7F3F2308F7FB}.Release|Any CPU.Build.0 = Release|Any CPU
	EndGlobalSection
	GlobalSection(SolutionProperties) = preSolution
		HideSolutionNode = FALSE
	EndGlobalSection
	GlobalSection(ExtensibilityGlobals) = postSolution
		SolutionGuid = {3DB70B84-DBB2-4920-AEC2-14B6E672CABE}
	EndGlobalSection
EndGlobal
